{
  "originHash" : "9d856e8f0eec9b2f5c649f7442a5f94428b154b4592618d78d0e3012dcd07698",
  "pins" : [
    {
      "identity" : "queuekit",
      "kind" : "remoteSourceControl",
      "location" : "https://github.com/hakkiai/QueueKit.git",
      "state" : {
        "branch" : "main",
        "revision" : "fbc9e69f05cb469c6b55015104846e214b4dbc55"
      }
    }
  ],
  "version" : 3
}
